lockfileVersion: 5.4

specifiers:
  '@jcsj/epub': link:D:/code/epub
  '@vitejs/plugin-vue': ^2.3.3
  '@vueuse/core': ^8.5.0
  browser-fs-access: ^0.29.5
  idb-keyval: ^6.1.0
  sass: ^1.51.0
  vite: ^2.9.9
  vite-plugin-mkcert: ^1.6.0
  vue: ^3.2.33

dependencies:
  '@jcsj/epub': link:../epub
  '@vueuse/core': 8.5.0_vue@3.2.33
  browser-fs-access: 0.29.5
  idb-keyval: 6.1.0
  vue: 3.2.33

devDependencies:
  '@vitejs/plugin-vue': 2.3.3_vite@2.9.9+vue@3.2.33
  sass: 1.51.0
  vite: 2.9.9_sass@1.51.0
  vite-plugin-mkcert: 1.6.0

packages:

  /@babel/helper-validator-identifier/7.16.7:
    resolution: {integrity: sha512-hsEnFemeiW4D08A5gUAZxLBTXpZ39P+a+DGDsHw1yxqyQ/jzFEnxf5uTEGp+3bzAbNOxU1paTgYS4ECU/IgfDw==}
    engines: {node: '>=6.9.0'}
    dev: false

  /@babel/parser/7.17.12:
    resolution: {integrity: sha512-FLzHmN9V3AJIrWfOpvRlZCeVg/WLdicSnTMsLur6uDj9TT8ymUlG9XxURdW/XvuygK+2CW0poOJABdA4m/YKxA==}
    engines: {node: '>=6.0.0'}
    hasBin: true
    dependencies:
      '@babel/types': 7.17.12
    dev: false

  /@babel/types/7.17.12:
    resolution: {integrity: sha512-rH8i29wcZ6x9xjzI5ILHL/yZkbQnCERdHlogKuIb4PUr7do4iT8DPekrTbBLWTnRQm6U0GYABbTMSzijmEqlAg==}
    engines: {node: '>=6.9.0'}
    dependencies:
      '@babel/helper-validator-identifier': 7.16.7
      to-fast-properties: 2.0.0
    dev: false

  /@octokit/auth-token/2.5.0:
    resolution: {integrity: sha512-r5FVUJCOLl19AxiuZD2VRZ/ORjp/4IN98Of6YJoJOkY75CIBuYfmiNHGrDwXr+aLGG55igl9QrxX3hbiXlLb+g==}
    dependencies:
      '@octokit/types': 6.34.0
    dev: true

  /@octokit/core/3.6.0:
    resolution: {integrity: sha512-7RKRKuA4xTjMhY+eG3jthb3hlZCsOwg3rztWh75Xc+ShDWOfDDATWbeZpAHBNRpm4Tv9WgBMOy1zEJYXG6NJ7Q==}
    dependencies:
      '@octokit/auth-token': 2.5.0
      '@octokit/graphql': 4.8.0
      '@octokit/request': 5.6.3
      '@octokit/request-error': 2.1.0
      '@octokit/types': 6.34.0
      before-after-hook: 2.2.2
      universal-user-agent: 6.0.0
    transitivePeerDependencies:
      - encoding
    dev: true

  /@octokit/endpoint/6.0.12:
    resolution: {integrity: sha512-lF3puPwkQWGfkMClXb4k/eUT/nZKQfxinRWJrdZaJO85Dqwo/G0yOC434Jr2ojwafWJMYqFGFa5ms4jJUgujdA==}
    dependencies:
      '@octokit/types': 6.34.0
      is-plain-object: 5.0.0
      universal-user-agent: 6.0.0
    dev: true

  /@octokit/graphql/4.8.0:
    resolution: {integrity: sha512-0gv+qLSBLKF0z8TKaSKTsS39scVKF9dbMxJpj3U0vC7wjNWFuIpL/z76Qe2fiuCbDRcJSavkXsVtMS6/dtQQsg==}
    dependencies:
      '@octokit/request': 5.6.3
      '@octokit/types': 6.34.0
      universal-user-agent: 6.0.0
    transitivePeerDependencies:
      - encoding
    dev: true

  /@octokit/openapi-types/11.2.0:
    resolution: {integrity: sha512-PBsVO+15KSlGmiI8QAzaqvsNlZlrDlyAJYcrXBCvVUxCp7VnXjkwPoFHgjEJXx3WF9BAwkA6nfCUA7i9sODzKA==}
    dev: true

  /@octokit/plugin-paginate-rest/2.17.0_@octokit+core@3.6.0:
    resolution: {integrity: sha512-tzMbrbnam2Mt4AhuyCHvpRkS0oZ5MvwwcQPYGtMv4tUa5kkzG58SVB0fcsLulOZQeRnOgdkZWkRUiyBlh0Bkyw==}
    peerDependencies:
      '@octokit/core': '>=2'
    dependencies:
      '@octokit/core': 3.6.0
      '@octokit/types': 6.34.0
    dev: true

  /@octokit/plugin-request-log/1.0.4_@octokit+core@3.6.0:
    resolution: {integrity: sha512-mLUsMkgP7K/cnFEw07kWqXGF5LKrOkD+lhCrKvPHXWDywAwuDUeDwWBpc69XK3pNX0uKiVt8g5z96PJ6z9xCFA==}
    peerDependencies:
      '@octokit/core': '>=3'
    dependencies:
      '@octokit/core': 3.6.0
    dev: true

  /@octokit/plugin-rest-endpoint-methods/5.13.0_@octokit+core@3.6.0:
    resolution: {integrity: sha512-uJjMTkN1KaOIgNtUPMtIXDOjx6dGYysdIFhgA52x4xSadQCz3b/zJexvITDVpANnfKPW/+E0xkOvLntqMYpviA==}
    peerDependencies:
      '@octokit/core': '>=3'
    dependencies:
      '@octokit/core': 3.6.0
      '@octokit/types': 6.34.0
      deprecation: 2.3.1
    dev: true

  /@octokit/request-error/2.1.0:
    resolution: {integrity: sha512-1VIvgXxs9WHSjicsRwq8PlR2LR2x6DwsJAaFgzdi0JfJoGSO8mYI/cHJQ+9FbN21aa+DrgNLnwObmyeSC8Rmpg==}
    dependencies:
      '@octokit/types': 6.34.0
      deprecation: 2.3.1
      once: 1.4.0
    dev: true

  /@octokit/request/5.6.3:
    resolution: {integrity: sha512-bFJl0I1KVc9jYTe9tdGGpAMPy32dLBXXo1dS/YwSCTL/2nd9XeHsY616RE3HPXDVk+a+dBuzyz5YdlXwcDTr2A==}
    dependencies:
      '@octokit/endpoint': 6.0.12
      '@octokit/request-error': 2.1.0
      '@octokit/types': 6.34.0
      is-plain-object: 5.0.0
      node-fetch: 2.6.7
      universal-user-agent: 6.0.0
    transitivePeerDependencies:
      - encoding
    dev: true

  /@octokit/rest/18.12.0:
    resolution: {integrity: sha512-gDPiOHlyGavxr72y0guQEhLsemgVjwRePayJ+FcKc2SJqKUbxbkvf5kAZEWA/MKvsfYlQAMVzNJE3ezQcxMJ2Q==}
    dependencies:
      '@octokit/core': 3.6.0
      '@octokit/plugin-paginate-rest': 2.17.0_@octokit+core@3.6.0
      '@octokit/plugin-request-log': 1.0.4_@octokit+core@3.6.0
      '@octokit/plugin-rest-endpoint-methods': 5.13.0_@octokit+core@3.6.0
    transitivePeerDependencies:
      - encoding
    dev: true

  /@octokit/types/6.34.0:
    resolution: {integrity: sha512-s1zLBjWhdEI2zwaoSgyOFoKSl109CUcVBCc7biPJ3aAf6LGLU6szDvi31JPU7bxfla2lqfhjbbg/5DdFNxOwHw==}
    dependencies:
      '@octokit/openapi-types': 11.2.0
    dev: true

  /@vitejs/plugin-vue/2.3.3_vite@2.9.9+vue@3.2.33:
    resolution: {integrity: sha512-SmQLDyhz+6lGJhPELsBdzXGc+AcaT8stgkbiTFGpXPe8Tl1tJaBw1A6pxDqDuRsVkD8uscrkx3hA7QDOoKYtyw==}
    engines: {node: '>=12.0.0'}
    peerDependencies:
      vite: ^2.5.10
      vue: ^3.2.25
    dependencies:
      vite: 2.9.9_sass@1.51.0
      vue: 3.2.33
    dev: true

  /@vue/compiler-core/3.2.33:
    resolution: {integrity: sha512-AAmr52ji3Zhk7IKIuigX2osWWsb2nQE5xsdFYjdnmtQ4gymmqXbjLvkSE174+fF3A3kstYrTgGkqgOEbsdLDpw==}
    dependencies:
      '@babel/parser': 7.17.12
      '@vue/shared': 3.2.33
      estree-walker: 2.0.2
      source-map: 0.6.1
    dev: false

  /@vue/compiler-dom/3.2.33:
    resolution: {integrity: sha512-GhiG1C8X98Xz9QUX/RlA6/kgPBWJkjq0Rq6//5XTAGSYrTMBgcLpP9+CnlUg1TFxnnCVughAG+KZl28XJqw8uQ==}
    dependencies:
      '@vue/compiler-core': 3.2.33
      '@vue/shared': 3.2.33
    dev: false

  /@vue/compiler-sfc/3.2.33:
    resolution: {integrity: sha512-H8D0WqagCr295pQjUYyO8P3IejM3vEzeCO1apzByAEaAR/WimhMYczHfZVvlCE/9yBaEu/eu9RdiWr0kF8b71Q==}
    dependencies:
      '@babel/parser': 7.17.12
      '@vue/compiler-core': 3.2.33
      '@vue/compiler-dom': 3.2.33
      '@vue/compiler-ssr': 3.2.33
      '@vue/reactivity-transform': 3.2.33
      '@vue/shared': 3.2.33
      estree-walker: 2.0.2
      magic-string: 0.25.9
      postcss: 8.4.14
      source-map: 0.6.1
    dev: false

  /@vue/compiler-ssr/3.2.33:
    resolution: {integrity: sha512-XQh1Xdk3VquDpXsnoCd7JnMoWec9CfAzQDQsaMcSU79OrrO2PNR0ErlIjm/mGq3GmBfkQjzZACV+7GhfRB8xMQ==}
    dependencies:
      '@vue/compiler-dom': 3.2.33
      '@vue/shared': 3.2.33
    dev: false

  /@vue/reactivity-transform/3.2.33:
    resolution: {integrity: sha512-4UL5KOIvSQb254aqenW4q34qMXbfZcmEsV/yVidLUgvwYQQ/D21bGX3DlgPUGI3c4C+iOnNmDCkIxkILoX/Pyw==}
    dependencies:
      '@babel/parser': 7.17.12
      '@vue/compiler-core': 3.2.33
      '@vue/shared': 3.2.33
      estree-walker: 2.0.2
      magic-string: 0.25.9
    dev: false

  /@vue/reactivity/3.2.33:
    resolution: {integrity: sha512-62Sq0mp9/0bLmDuxuLD5CIaMG2susFAGARLuZ/5jkU1FCf9EDbwUuF+BO8Ub3Rbodx0ziIecM/NsmyjardBxfQ==}
    dependencies:
      '@vue/shared': 3.2.33
    dev: false

  /@vue/runtime-core/3.2.33:
    resolution: {integrity: sha512-N2D2vfaXsBPhzCV3JsXQa2NECjxP3eXgZlFqKh4tgakp3iX6LCGv76DLlc+IfFZq+TW10Y8QUfeihXOupJ1dGw==}
    dependencies:
      '@vue/reactivity': 3.2.33
      '@vue/shared': 3.2.33
    dev: false

  /@vue/runtime-dom/3.2.33:
    resolution: {integrity: sha512-LSrJ6W7CZTSUygX5s8aFkraDWlO6K4geOwA3quFF2O+hC3QuAMZt/0Xb7JKE3C4JD4pFwCSO7oCrZmZ0BIJUnw==}
    dependencies:
      '@vue/runtime-core': 3.2.33
      '@vue/shared': 3.2.33
      csstype: 2.6.20
    dev: false

  /@vue/server-renderer/3.2.33_vue@3.2.33:
    resolution: {integrity: sha512-4jpJHRD4ORv8PlbYi+/MfP8ec1okz6rybe36MdpkDrGIdEItHEUyaHSKvz+ptNEyQpALmmVfRteHkU9F8vxOew==}
    peerDependencies:
      vue: 3.2.33
    dependencies:
      '@vue/compiler-ssr': 3.2.33
      '@vue/shared': 3.2.33
      vue: 3.2.33
    dev: false

  /@vue/shared/3.2.33:
    resolution: {integrity: sha512-UBc1Pg1T3yZ97vsA2ueER0F6GbJebLHYlEi4ou1H5YL4KWvMOOWwpYo9/QpWq93wxKG6Wo13IY74Hcn/f7c7Bg==}
    dev: false

  /@vueuse/core/8.5.0_vue@3.2.33:
    resolution: {integrity: sha512-VEJ6sGNsPlUp0o9BGda2YISvDZbhWJSOJu5zlp2TufRGVrLcYUKr31jyFEOj6RXzG3k/H4aCYeZyjpItfU8glw==}
    peerDependencies:
      '@vue/composition-api': ^1.1.0
      vue: ^2.6.0 || ^3.2.0
    peerDependenciesMeta:
      '@vue/composition-api':
        optional: true
      vue:
        optional: true
    dependencies:
      '@vueuse/metadata': 8.5.0
      '@vueuse/shared': 8.5.0_vue@3.2.33
      vue: 3.2.33
      vue-demi: 0.12.5_vue@3.2.33
    dev: false

  /@vueuse/metadata/8.5.0:
    resolution: {integrity: sha512-WxsD+Cd+bn+HcjpY6Dl9FJ8ywTRTT9pTwk3bCQpzEhXVYAyNczKDSahk50fCfIJKeWHhyI4B2+/ZEOxQAkUr0g==}
    dev: false

  /@vueuse/shared/8.5.0_vue@3.2.33:
    resolution: {integrity: sha512-qKG+SZb44VvGD4dU5cQ63z4JE2Yk39hQUecR0a9sEdJA01cx+XrxAvFKJfPooxwoiqalAVw/ktWK6xbyc/jS3g==}
    peerDependencies:
      '@vue/composition-api': ^1.1.0
      vue: ^2.6.0 || ^3.2.0
    peerDependenciesMeta:
      '@vue/composition-api':
        optional: true
      vue:
        optional: true
    dependencies:
      vue: 3.2.33
      vue-demi: 0.12.5_vue@3.2.33
    dev: false

  /anymatch/3.1.2:
    resolution: {integrity: sha512-P43ePfOAIupkguHUycrc4qJ9kz8ZiuOUijaETwX7THt0Y/GNK7v0aa8rY816xWjZ7rJdA5XdMcpVFTKMq+RvWg==}
    engines: {node: '>= 8'}
    dependencies:
      normalize-path: 3.0.0
      picomatch: 2.3.1
    dev: true

  /axios/0.21.4_debug@4.3.4:
    resolution: {integrity: sha512-ut5vewkiu8jjGBdqpM44XxjuCjq9LAKeHVmoVfHVzy8eHgxxq8SbAVQNovDA8mVi05kP0Ea/n/UzcSHcTJQfNg==}
    dependencies:
      follow-redirects: 1.15.0_debug@4.3.4
    transitivePeerDependencies:
      - debug
    dev: true

  /before-after-hook/2.2.2:
    resolution: {integrity: sha512-3pZEU3NT5BFUo/AD5ERPWOgQOCZITni6iavr5AUw5AUwQjMlI0kzu5btnyD39AF0gUEsDPwJT+oY1ORBJijPjQ==}
    dev: true

  /binary-extensions/2.2.0:
    resolution: {integrity: sha512-jDctJ/IVQbZoJykoeHbhXpOlNBqGNcwXJKJog42E5HDPUwQTSdjCHdihjj0DlnheQ7blbT6dHOafNAiS8ooQKA==}
    engines: {node: '>=8'}
    dev: true

  /braces/3.0.2:
    resolution: {integrity: sha512-b8um+L1RzM3WDSzvhm6gIz1yfTbBt6YTlcEKAvsmqCZZFw46z626lVj9j1yEPW33H5H+lBQpZMP1k8l+78Ha0A==}
    engines: {node: '>=8'}
    dependencies:
      fill-range: 7.0.1
    dev: true

  /browser-fs-access/0.29.5:
    resolution: {integrity: sha512-raivG4nPY3iTxBNgt2syHFjHGwWwyTxpCGx7OTLdmprakG+yXre9f5PZgPHQQ6axTlRxllj+fcmhRiI4gXLq0A==}
    dev: false

  /chokidar/3.5.3:
    resolution: {integrity: sha512-Dr3sfKRP6oTcjf2JmUmFJfeVMvXBdegxB0iVQ5eb2V10uFJUCAS8OByZdVAyVb8xXNz3GjjTgj9kLWsZTqE6kw==}
    engines: {node: '>= 8.10.0'}
    dependencies:
      anymatch: 3.1.2
      braces: 3.0.2
      glob-parent: 5.1.2
      is-binary-path: 2.1.0
      is-glob: 4.0.3
      normalize-path: 3.0.0
      readdirp: 3.6.0
    optionalDependencies:
      fsevents: 2.3.2
    dev: true

  /csstype/2.6.20:
    resolution: {integrity: sha512-/WwNkdXfckNgw6S5R125rrW8ez139lBHWouiBvX8dfMFtcn6V81REDqnH7+CRpRipfYlyU1CmOnOxrmGcFOjeA==}
    dev: false

  /debug/4.3.4:
    resolution: {integrity: sha512-PRWFHuSU3eDtQJPvnNY7Jcket1j0t5OuOsFzPPzsekD52Zl8qUfFIPEiswXqIvHWGVHOgX+7G/vCNNhehwxfkQ==}
    engines: {node: '>=6.0'}
    peerDependencies:
      supports-color: '*'
    peerDependenciesMeta:
      supports-color:
        optional: true
    dependencies:
      ms: 2.1.2
    dev: true

  /deprecation/2.3.1:
    resolution: {integrity: sha512-xmHIy4F3scKVwMsQ4WnVaS8bHOx0DmVwRywosKhaILI0ywMDWPtBSku2HNxRvF7jtwDRsoEwYQSfbxj8b7RlJQ==}
    dev: true

  /esbuild-android-64/0.14.39:
    resolution: {integrity: sha512-EJOu04p9WgZk0UoKTqLId9VnIsotmI/Z98EXrKURGb3LPNunkeffqQIkjS2cAvidh+OK5uVrXaIP229zK6GvhQ==}
    engines: {node: '>=12'}
    cpu: [x64]
    os: [android]
    requiresBuild: true
    dev: true
    optional: true

  /esbuild-android-arm64/0.14.39:
    resolution: {integrity: sha512-+twajJqO7n3MrCz9e+2lVOnFplRsaGRwsq1KL/uOy7xK7QdRSprRQcObGDeDZUZsacD5gUkk6OiHiYp6RzU3CA==}
    engines: {node: '>=12'}
    cpu: [arm64]
    os: [android]
    requiresBuild: true
    dev: true
    optional: true

  /esbuild-darwin-64/0.14.39:
    resolution: {integrity: sha512-ImT6eUw3kcGcHoUxEcdBpi6LfTRWaV6+qf32iYYAfwOeV+XaQ/Xp5XQIBiijLeo+LpGci9M0FVec09nUw41a5g==}
    engines: {node: '>=12'}
    cpu: [x64]
    os: [darwin]
    requiresBuild: true
    dev: true
    optional: true

  /esbuild-darwin-arm64/0.14.39:
    resolution: {integrity: sha512-/fcQ5UhE05OiT+bW5v7/up1bDsnvaRZPJxXwzXsMRrr7rZqPa85vayrD723oWMT64dhrgWeA3FIneF8yER0XTw==}
    engines: {node: '>=12'}
    cpu: [arm64]
    os: [darwin]
    requiresBuild: true
    dev: true
    optional: true

  /esbuild-freebsd-64/0.14.39:
    resolution: {integrity: sha512-oMNH8lJI4wtgN5oxuFP7BQ22vgB/e3Tl5Woehcd6i2r6F3TszpCnNl8wo2d/KvyQ4zvLvCWAlRciumhQg88+kQ==}
    engines: {node: '>=12'}
    cpu: [x64]
    os: [freebsd]
    requiresBuild: true
    dev: true
    optional: true

  /esbuild-freebsd-arm64/0.14.39:
    resolution: {integrity: sha512-1GHK7kwk57ukY2yI4ILWKJXaxfr+8HcM/r/JKCGCPziIVlL+Wi7RbJ2OzMcTKZ1HpvEqCTBT/J6cO4ZEwW4Ypg==}
    engines: {node: '>=12'}
    cpu: [arm64]
    os: [freebsd]
    requiresBuild: true
    dev: true
    optional: true

  /esbuild-linux-32/0.14.39:
    resolution: {integrity: sha512-g97Sbb6g4zfRLIxHgW2pc393DjnkTRMeq3N1rmjDUABxpx8SjocK4jLen+/mq55G46eE2TA0MkJ4R3SpKMu7dg==}
    engines: {node: '>=12'}
    cpu: [ia32]
    os: [linux]
    requiresBuild: true
    dev: true
    optional: true

  /esbuild-linux-64/0.14.39:
    resolution: {integrity: sha512-4tcgFDYWdI+UbNMGlua9u1Zhu0N5R6u9tl5WOM8aVnNX143JZoBZLpCuUr5lCKhnD0SCO+5gUyMfupGrHtfggQ==}
    engines: {node: '>=12'}
    cpu: [x64]
    os: [linux]
    requiresBuild: true
    dev: true
    optional: true

  /esbuild-linux-arm/0.14.39:
    resolution: {integrity: sha512-t0Hn1kWVx5UpCzAJkKRfHeYOLyFnXwYynIkK54/h3tbMweGI7dj400D1k0Vvtj2u1P+JTRT9tx3AjtLEMmfVBQ==}
    engines: {node: '>=12'}
    cpu: [arm]
    os: [linux]
    requiresBuild: true
    dev: true
    optional: true

  /esbuild-linux-arm64/0.14.39:
    resolution: {integrity: sha512-23pc8MlD2D6Px1mV8GMglZlKgwgNKAO8gsgsLLcXWSs9lQsCYkIlMo/2Ycfo5JrDIbLdwgP8D2vpfH2KcBqrDQ==}
    engines: {node: '>=12'}
    cpu: [arm64]
    os: [linux]
    requiresBuild: true
    dev: true
    optional: true

  /esbuild-linux-mips64le/0.14.39:
    resolution: {integrity: sha512-epwlYgVdbmkuRr5n4es3B+yDI0I2e/nxhKejT9H0OLxFAlMkeQZxSpxATpDc9m8NqRci6Kwyb/SfmD1koG2Zuw==}
    engines: {node: '>=12'}
    cpu: [mips64el]
    os: [linux]
    requiresBuild: true
    dev: true
    optional: true

  /esbuild-linux-ppc64le/0.14.39:
    resolution: {integrity: sha512-W/5ezaq+rQiQBThIjLMNjsuhPHg+ApVAdTz2LvcuesZFMsJoQAW2hutoyg47XxpWi7aEjJGrkS26qCJKhRn3QQ==}
    engines: {node: '>=12'}
    cpu: [ppc64]
    os: [linux]
    requiresBuild: true
    dev: true
    optional: true

  /esbuild-linux-riscv64/0.14.39:
    resolution: {integrity: sha512-IS48xeokcCTKeQIOke2O0t9t14HPvwnZcy+5baG13Z1wxs9ZrC5ig5ypEQQh4QMKxURD5TpCLHw2W42CLuVZaA==}
    engines: {node: '>=12'}
    cpu: [riscv64]
    os: [linux]
    requiresBuild: true
    dev: true
    optional: true

  /esbuild-linux-s390x/0.14.39:
    resolution: {integrity: sha512-zEfunpqR8sMomqXhNTFEKDs+ik7HC01m3M60MsEjZOqaywHu5e5682fMsqOlZbesEAAaO9aAtRBsU7CHnSZWyA==}
    engines: {node: '>=12'}
    cpu: [s390x]
    os: [linux]
    requiresBuild: true
    dev: true
    optional: true

  /esbuild-netbsd-64/0.14.39:
    resolution: {integrity: sha512-Uo2suJBSIlrZCe4E0k75VDIFJWfZy+bOV6ih3T4MVMRJh1lHJ2UyGoaX4bOxomYN3t+IakHPyEoln1+qJ1qYaA==}
    engines: {node: '>=12'}
    cpu: [x64]
    os: [netbsd]
    requiresBuild: true
    dev: true
    optional: true

  /esbuild-openbsd-64/0.14.39:
    resolution: {integrity: sha512-secQU+EpgUPpYjJe3OecoeGKVvRMLeKUxSMGHnK+aK5uQM3n1FPXNJzyz1LHFOo0WOyw+uoCxBYdM4O10oaCAA==}
    engines: {node: '>=12'}
    cpu: [x64]
    os: [openbsd]
    requiresBuild: true
    dev: true
    optional: true

  /esbuild-sunos-64/0.14.39:
    resolution: {integrity: sha512-qHq0t5gePEDm2nqZLb+35p/qkaXVS7oIe32R0ECh2HOdiXXkj/1uQI9IRogGqKkK+QjDG+DhwiUw7QoHur/Rwg==}
    engines: {node: '>=12'}
    cpu: [x64]
    os: [sunos]
    requiresBuild: true
    dev: true
    optional: true

  /esbuild-windows-32/0.14.39:
    resolution: {integrity: sha512-XPjwp2OgtEX0JnOlTgT6E5txbRp6Uw54Isorm3CwOtloJazeIWXuiwK0ONJBVb/CGbiCpS7iP2UahGgd2p1x+Q==}
    engines: {node: '>=12'}
    cpu: [ia32]
    os: [win32]
    requiresBuild: true
    dev: true
    optional: true

  /esbuild-windows-64/0.14.39:
    resolution: {integrity: sha512-E2wm+5FwCcLpKsBHRw28bSYQw0Ikxb7zIMxw3OPAkiaQhLVr3dnVO8DofmbWhhf6b97bWzg37iSZ45ZDpLw7Ow==}
    engines: {node: '>=12'}
    cpu: [x64]
    os: [win32]
    requiresBuild: true
    dev: true
    optional: true

  /esbuild-windows-arm64/0.14.39:
    resolution: {integrity: sha512-sBZQz5D+Gd0EQ09tZRnz/PpVdLwvp/ufMtJ1iDFYddDaPpZXKqPyaxfYBLs3ueiaksQ26GGa7sci0OqFzNs7KA==}
    engines: {node: '>=12'}
    cpu: [arm64]
    os: [win32]
    requiresBuild: true
    dev: true
    optional: true

  /esbuild/0.14.39:
    resolution: {integrity: sha512-2kKujuzvRWYtwvNjYDY444LQIA3TyJhJIX3Yo4+qkFlDDtGlSicWgeHVJqMUP/2sSfH10PGwfsj+O2ro1m10xQ==}
    engines: {node: '>=12'}
    hasBin: true
    requiresBuild: true
    optionalDependencies:
      esbuild-android-64: 0.14.39
      esbuild-android-arm64: 0.14.39
      esbuild-darwin-64: 0.14.39
      esbuild-darwin-arm64: 0.14.39
      esbuild-freebsd-64: 0.14.39
      esbuild-freebsd-arm64: 0.14.39
      esbuild-linux-32: 0.14.39
      esbuild-linux-64: 0.14.39
      esbuild-linux-arm: 0.14.39
      esbuild-linux-arm64: 0.14.39
      esbuild-linux-mips64le: 0.14.39
      esbuild-linux-ppc64le: 0.14.39
      esbuild-linux-riscv64: 0.14.39
      esbuild-linux-s390x: 0.14.39
      esbuild-netbsd-64: 0.14.39
      esbuild-openbsd-64: 0.14.39
      esbuild-sunos-64: 0.14.39
      esbuild-windows-32: 0.14.39
      esbuild-windows-64: 0.14.39
      esbuild-windows-arm64: 0.14.39
    dev: true

  /estree-walker/2.0.2:
    resolution: {integrity: sha512-Rfkk/Mp/DL7JVje3u18FxFujQlTNR2q6QfMSMB7AvCBx91NGj/ba3kCfza0f6dVDbw7YlRf/nDrn7pQrCCyQ/w==}
    dev: false

  /fill-range/7.0.1:
    resolution: {integrity: sha512-qOo9F+dMUmC2Lcb4BbVvnKJxTPjCm+RRpe4gDuGrzkL7mEVl/djYSu2OdQ2Pa302N4oqkSg9ir6jaLWJ2USVpQ==}
    engines: {node: '>=8'}
    dependencies:
      to-regex-range: 5.0.1
    dev: true

  /follow-redirects/1.15.0_debug@4.3.4:
    resolution: {integrity: sha512-aExlJShTV4qOUOL7yF1U5tvLCB0xQuudbf6toyYA0E/acBNw71mvjFTnLaRp50aQaYocMR0a/RMMBIHeZnGyjQ==}
    engines: {node: '>=4.0'}
    peerDependencies:
      debug: '*'
    peerDependenciesMeta:
      debug:
        optional: true
    dependencies:
      debug: 4.3.4
    dev: true

  /fsevents/2.3.2:
    resolution: {integrity: sha512-xiqMQR4xAeHTuB9uWm+fFRcIOgKBMiOBP+eXiyT7jsgVCq1bkVygt00oASowB7EdtpOHaaPgKt812P9ab+DDKA==}
    engines: {node: ^8.16.0 || ^10.6.0 || >=11.0.0}
    os: [darwin]
    requiresBuild: true
    dev: true
    optional: true

  /function-bind/1.1.1:
    resolution: {integrity: sha512-yIovAzMX49sF8Yl58fSCWJ5svSLuaibPxXQJFLmBObTuCr0Mf1KiPopGM9NiFjiYBCbfaa2Fh6breQ6ANVTI0A==}
    dev: true

  /glob-parent/5.1.2:
    resolution: {integrity: sha512-AOIgSQCepiJYwP3ARnGx+5VnTu2HBYdzbGP45eLw1vr3zB3vZLeyed1sC9hnbcOc9/SrMyM5RPQrkGz4aS9Zow==}
    engines: {node: '>= 6'}
    dependencies:
      is-glob: 4.0.3
    dev: true

  /has/1.0.3:
    resolution: {integrity: sha512-f2dvO0VU6Oej7RkWJGrehjbzMAjFp5/VKPp5tTpWIV4JHHZK1/BxbFRtf/siA2SWTe09caDmVtYYzWEIbBS4zw==}
    engines: {node: '>= 0.4.0'}
    dependencies:
      function-bind: 1.1.1
    dev: true

  /idb-keyval/6.1.0:
    resolution: {integrity: sha512-u/qHZ75rlD3gH+Zah8dAJVJcGW/RfCnfNrFkElC5RpRCnpsCXXhqjVk+6MoVKJ3WhmNbRYdI6IIVP88e+5sxGw==}
    dependencies:
      safari-14-idb-fix: 3.0.0
    dev: false

  /immutable/4.0.0:
    resolution: {integrity: sha512-zIE9hX70qew5qTUjSS7wi1iwj/l7+m54KWU247nhM3v806UdGj1yDndXj+IOYxxtW9zyLI+xqFNZjTuDaLUqFw==}
    dev: true

  /is-binary-path/2.1.0:
    resolution: {integrity: sha512-ZMERYes6pDydyuGidse7OsHxtbI7WVeUEozgR/g7rd0xUimYNlvZRE/K2MgZTjWy725IfelLeVcEM97mmtRGXw==}
    engines: {node: '>=8'}
    dependencies:
      binary-extensions: 2.2.0
    dev: true

  /is-core-module/2.9.0:
    resolution: {integrity: sha512-+5FPy5PnwmO3lvfMb0AsoPaBG+5KHUI0wYFXOtYPnVVVspTFUuMZNfNaNVRt3FZadstu2c8x23vykRW/NBoU6A==}
    dependencies:
      has: 1.0.3
    dev: true

  /is-extglob/2.1.1:
    resolution: {integrity: sha1-qIwCU1eR8C7TfHahueqXc8gz+MI=}
    engines: {node: '>=0.10.0'}
    dev: true

  /is-glob/4.0.3:
    resolution: {integrity: sha512-xelSayHH36ZgE7ZWhli7pW34hNbNl8Ojv5KVmkJD4hBdD3th8Tfk9vYasLM+mXWOZhFkgZfxhLSnrwRr4elSSg==}
    engines: {node: '>=0.10.0'}
    dependencies:
      is-extglob: 2.1.1
    dev: true

  /is-number/7.0.0:
    resolution: {integrity: sha512-41Cifkg6e8TylSpdtTpeLVMqvSBEVzTttHvERD741+pnZ8ANv0004MRL43QKPDlK9cGvNp6NZWZUBlbGXYxxng==}
    engines: {node: '>=0.12.0'}
    dev: true

  /is-plain-object/5.0.0:
    resolution: {integrity: sha512-VRSzKkbMm5jMDoKLbltAkFQ5Qr7VDiTFGXxYFXXowVj387GeGNOCsOH6Msy00SGZ3Fp84b1Naa1psqgcCIEP5Q==}
    engines: {node: '>=0.10.0'}
    dev: true

  /magic-string/0.25.9:
    resolution: {integrity: sha512-RmF0AsMzgt25qzqqLc1+MbHmhdx0ojF2Fvs4XnOqz2ZOBXzzkEwc/dJQZCYHAn7v1jbVOjAZfK8msRn4BxO4VQ==}
    dependencies:
      sourcemap-codec: 1.4.8
    dev: false

  /ms/2.1.2:
    resolution: {integrity: sha512-sGkPx+VjMtmA6MX27oA4FBFELFCZZ4S4XqeGOXCv68tT+jb3vk/RyaKWP0PTKyWtmLSM0b+adUTEvbs1PEaH2w==}
    dev: true

  /nanoid/3.3.4:
    resolution: {integrity: sha512-MqBkQh/OHTS2egovRtLk45wEyNXwF+cokD+1YPf9u5VfJiRdAiRwB2froX5Co9Rh20xs4siNPm8naNotSD6RBw==}
    engines: {node: ^10 || ^12 || ^13.7 || ^14 || >=15.0.1}
    hasBin: true

  /node-fetch/2.6.7:
    resolution: {integrity: sha512-ZjMPFEfVx5j+y2yF35Kzx5sF7kDzxuDj6ziH4FFbOp87zKDZNx8yExJIb05OGF4Nlt9IHFIMBkRl41VdvcNdbQ==}
    engines: {node: 4.x || >=6.0.0}
    peerDependencies:
      encoding: ^0.1.0
    peerDependenciesMeta:
      encoding:
        optional: true
    dependencies:
      whatwg-url: 5.0.0
    dev: true

  /normalize-path/3.0.0:
    resolution: {integrity: sha512-6eZs5Ls3WtCisHWp9S2GUy8dqkpGi4BVSz3GaqiE6ezub0512ESztXUwUB6C6IKbQkY2Pnb/mD4WYojCRwcwLA==}
    engines: {node: '>=0.10.0'}
    dev: true

  /once/1.4.0:
    resolution: {integrity: sha1-WDsap3WWHUsROsF9nFC6753Xa9E=}
    dependencies:
      wrappy: 1.0.2
    dev: true

  /path-parse/1.0.7:
    resolution: {integrity: sha512-LDJzPVEEEPR+y48z93A0Ed0yXb8pAByGWo/k5YYdYgpY2/2EsOsksJrq7lOHxryrVOn1ejG6oAp8ahvOIQD8sw==}
    dev: true

  /picocolors/1.0.0:
    resolution: {integrity: sha512-1fygroTLlHu66zi26VoTDv8yRgm0Fccecssto+MhsZ0D/DGW2sm8E8AjW7NU5VVTRt5GxbeZ5qBuJr+HyLYkjQ==}

  /picomatch/2.3.1:
    resolution: {integrity: sha512-JU3teHTNjmE2VCGFzuY8EXzCDVwEqB2a8fsIvwaStHhAWJEeVd1o1QD80CU6+ZdEXXSLbSsuLwJjkCBWqRQUVA==}
    engines: {node: '>=8.6'}
    dev: true

  /postcss/8.4.14:
    resolution: {integrity: sha512-E398TUmfAYFPBSdzgeieK2Y1+1cpdxJx8yXbK/m57nRhKSmk1GB2tO4lbLBtlkfPQTDKfe4Xqv1ASWPpayPEig==}
    engines: {node: ^10 || ^12 || >=14}
    dependencies:
      nanoid: 3.3.4
      picocolors: 1.0.0
      source-map-js: 1.0.2

  /readdirp/3.6.0:
    resolution: {integrity: sha512-hOS089on8RduqdbhvQ5Z37A0ESjsqz6qnRcffsMU3495FuTdqSm+7bhJ29JvIOsBDEEnan5DPu9t3To9VRlMzA==}
    engines: {node: '>=8.10.0'}
    dependencies:
      picomatch: 2.3.1
    dev: true

  /resolve/1.22.0:
    resolution: {integrity: sha512-Hhtrw0nLeSrFQ7phPp4OOcVjLPIeMnRlr5mcnVuMe7M/7eBn98A3hmFRLoFo3DLZkivSYwhRUJTyPyWAk56WLw==}
    hasBin: true
    dependencies:
      is-core-module: 2.9.0
      path-parse: 1.0.7
      supports-preserve-symlinks-flag: 1.0.0
    dev: true

  /rollup/2.73.0:
    resolution: {integrity: sha512-h/UngC3S4Zt28mB3g0+2YCMegT5yoftnQplwzPqGZcKvlld5e+kT/QRmJiL+qxGyZKOYpgirWGdLyEO1b0dpLQ==}
    engines: {node: '>=10.0.0'}
    hasBin: true
    optionalDependencies:
      fsevents: 2.3.2
    dev: true

  /safari-14-idb-fix/3.0.0:
    resolution: {integrity: sha512-eBNFLob4PMq8JA1dGyFn6G97q3/WzNtFK4RnzT1fnLq+9RyrGknzYiM/9B12MnKAxuj1IXr7UKYtTNtjyKMBog==}
    dev: false

  /sass/1.51.0:
    resolution: {integrity: sha512-haGdpTgywJTvHC2b91GSq+clTKGbtkkZmVAb82jZQN/wTy6qs8DdFm2lhEQbEwrY0QDRgSQ3xDurqM977C3noA==}
    engines: {node: '>=12.0.0'}
    hasBin: true
    dependencies:
      chokidar: 3.5.3
      immutable: 4.0.0
      source-map-js: 1.0.2
    dev: true

  /source-map-js/1.0.2:
    resolution: {integrity: sha512-R0XvVJ9WusLiqTCEiGCmICCMplcCkIwwR11mOSD9CR5u+IXYdiseeEuXCVAjS54zqwkLcPNnmU4OeJ6tUrWhDw==}
    engines: {node: '>=0.10.0'}

  /source-map/0.6.1:
    resolution: {integrity: sha512-UjgapumWlbMhkBgzT7Ykc5YXUT46F0iKu8SGXq0bcwP5dz/h0Plj6enJqjz1Zbq2l5WaqYnrVbwWOWMyF3F47g==}
    engines: {node: '>=0.10.0'}
    dev: false

  /sourcemap-codec/1.4.8:
    resolution: {integrity: sha512-9NykojV5Uih4lgo5So5dtw+f0JgJX30KCNI8gwhz2J9A15wD0Ml6tjHKwf6fTSa6fAdVBdZeNOs9eJ71qCk8vA==}
    dev: false

  /supports-preserve-symlinks-flag/1.0.0:
    resolution: {integrity: sha512-ot0WnXS9fgdkgIcePe6RHNk1WA8+muPa6cSjeR3V8K27q9BB1rTE3R1p7Hv0z1ZyAc8s6Vvv8DIyWf681MAt0w==}
    engines: {node: '>= 0.4'}
    dev: true

  /to-fast-properties/2.0.0:
    resolution: {integrity: sha1-3F5pjL0HkmW8c+A3doGk5Og/YW4=}
    engines: {node: '>=4'}
    dev: false

  /to-regex-range/5.0.1:
    resolution: {integrity: sha512-65P7iz6X5yEr1cwcgvQxbbIw7Uk3gOy5dIdtZ4rDveLqhrdJP+Li/Hx6tyK0NEb+2GCyneCMJiGqrADCSNk8sQ==}
    engines: {node: '>=8.0'}
    dependencies:
      is-number: 7.0.0
    dev: true

  /tr46/0.0.3:
    resolution: {integrity: sha1-gYT9NH2snNwYWZLzpmIuFLnZq2o=}
    dev: true

  /universal-user-agent/6.0.0:
    resolution: {integrity: sha512-isyNax3wXoKaulPDZWHQqbmIx1k2tb9fb3GGDBRxCscfYV2Ch7WxPArBsFEG8s/safwXTT7H4QGhaIkTp9447w==}
    dev: true

  /vite-plugin-mkcert/1.6.0:
    resolution: {integrity: sha512-zVa/sKM67htmIwey0fbUf93ufpsr54iqHWg5w0pFk2/pW4qCOPoG7XhEfsAawv4SSB/oWaWdFUgoZApXVCAG4Q==}
    dependencies:
      '@octokit/rest': 18.12.0
      axios: 0.21.4_debug@4.3.4
      debug: 4.3.4
      picocolors: 1.0.0
    transitivePeerDependencies:
      - encoding
      - supports-color
    dev: true

  /vite/2.9.9_sass@1.51.0:
    resolution: {integrity: sha512-ffaam+NgHfbEmfw/Vuh6BHKKlI/XIAhxE5QSS7gFLIngxg171mg1P3a4LSRME0z2ZU1ScxoKzphkipcYwSD5Ew==}
    engines: {node: '>=12.2.0'}
    hasBin: true
    peerDependencies:
      less: '*'
      sass: '*'
      stylus: '*'
    peerDependenciesMeta:
      less:
        optional: true
      sass:
        optional: true
      stylus:
        optional: true
    dependencies:
      esbuild: 0.14.39
      postcss: 8.4.14
      resolve: 1.22.0
      rollup: 2.73.0
      sass: 1.51.0
    optionalDependencies:
      fsevents: 2.3.2
    dev: true

  /vue-demi/0.12.5_vue@3.2.33:
    resolution: {integrity: sha512-BREuTgTYlUr0zw0EZn3hnhC3I6gPWv+Kwh4MCih6QcAeaTlaIX0DwOVN0wHej7hSvDPecz4jygy/idsgKfW58Q==}
    engines: {node: '>=12'}
    hasBin: true
    requiresBuild: true
    peerDependencies:
      '@vue/composition-api': ^1.0.0-rc.1
      vue: ^3.0.0-0 || ^2.6.0
    peerDependenciesMeta:
      '@vue/composition-api':
        optional: true
    dependencies:
      vue: 3.2.33
    dev: false

  /vue/3.2.33:
    resolution: {integrity: sha512-si1ExAlDUrLSIg/V7D/GgA4twJwfsfgG+t9w10z38HhL/HA07132pUQ2KuwAo8qbCyMJ9e6OqrmWrOCr+jW7ZQ==}
    dependencies:
      '@vue/compiler-dom': 3.2.33
      '@vue/compiler-sfc': 3.2.33
      '@vue/runtime-dom': 3.2.33
      '@vue/server-renderer': 3.2.33_vue@3.2.33
      '@vue/shared': 3.2.33
    dev: false

  /webidl-conversions/3.0.1:
    resolution: {integrity: sha1-JFNCdeKnvGvnvIZhHMFq4KVlSHE=}
    dev: true

  /whatwg-url/5.0.0:
    resolution: {integrity: sha1-lmRU6HZUYuN2RNNib2dCzotwll0=}
    dependencies:
      tr46: 0.0.3
      webidl-conversions: 3.0.1
    dev: true

  /wrappy/1.0.2:
    resolution: {integrity: sha1-tSQ9jz7BqjXxNkYFvA0QNuMKtp8=}
    dev: true
